
Microsoft Visual Studio Solution File, Format Version 12.00
# Visual Studio 15
VisualStudioVersion = 15.0.26228.4
MinimumVisualStudioVersion = 10.0.40219.1
Project("{FAE04EC0-301F-11D3-BF4B-00C04F79EFBC}") = "MeterReports", "MeterReports\MeterReports.csproj", "{AECE6C84-548C-4A61-B12F-83D26B80EFE3}"
EndProject
Project("{FAE04EC0-301F-11D3-BF4B-00C04F79EFBC}") = "TMF.Core", "TMF.Core\TMF.Core.csproj", "{C4AA963A-A0F5-412A-A5B1-5387CD565E6B}"
EndProject
Project("{FAE04EC0-301F-11D3-BF4B-00C04F79EFBC}") = "TMF.Reports", "TMF.Reports\TMF.Reports.csproj", "{CED8F3AF-C81D-4006-B45D-0190874813BC}"
EndProject
Project("{FAE04EC0-301F-11D3-BF4B-00C04F79EFBC}") = "MeterReports.Test", "MeterReports.Test\MeterReports.Test.csproj", "{4DEFEEE7-E3EE-4C78-99AE-FC5EE0B5D931}"
EndProject
Project("{FAE04EC0-301F-11D3-BF4B-00C04F79EFBC}") = "MeterReport", "MeterReport\MeterReport.csproj", "{AE8FA861-8BBA-44FE-9E6C-C548498EEE0B}"
EndProject
Global
	GlobalSection(SolutionConfigurationPlatforms) = preSolution
		Debug|Any CPU = Debug|Any CPU
		Release|Any CPU = Release|Any CPU
	EndGlobalSection
	GlobalSection(ProjectConfigurationPlatforms) = postSolution
		{AECE6C84-548C-4A61-B12F-83D26B80EFE3}.Debug|Any CPU.ActiveCfg = Debug|Any CPU
		{AECE6C84-548C-4A61-B12F-83D26B80EFE3}.Debug|Any CPU.Build.0 = Debug|Any CPU
		{AECE6C84-548C-4A61-B12F-83D26B80EFE3}.Release|Any CPU.ActiveCfg = Release|Any CPU
		{AECE6C84-548C-4A61-B12F-83D26B80EFE3}.Release|Any CPU.Build.0 = Release|Any CPU
		{C4AA963A-A0F5-412A-A5B1-5387CD565E6B}.Debug|Any CPU.ActiveCfg = Debug|Any CPU
		{C4AA963A-A0F5-412A-A5B1-5387CD565E6B}.Debug|Any CPU.Build.0 = Debug|Any CPU
		{C4AA963A-A0F5-412A-A5B1-5387CD565E6B}.Release|Any CPU.ActiveCfg = Release|Any CPU
		{C4AA963A-A0F5-412A-A5B1-5387CD565E6B}.Release|Any CPU.Build.0 = Release|Any CPU
		{CED8F3AF-C81D-4006-B45D-0190874813BC}.Debug|Any CPU.ActiveCfg = Debug|Any CPU
		{CED8F3AF-C81D-4006-B45D-0190874813BC}.Debug|Any CPU.Build.0 = Debug|Any CPU
		{CED8F3AF-C81D-4006-B45D-0190874813BC}.Release|Any CPU.ActiveCfg = Release|Any CPU
		{CED8F3AF-C81D-4006-B45D-0190874813BC}.Release|Any CPU.Build.0 = Release|Any CPU
		{4DEFEEE7-E3EE-4C78-99AE-FC5EE0B5D931}.Debug|Any CPU.ActiveCfg = Debug|Any CPU
		{4DEFEEE7-E3EE-4C78-99AE-FC5EE0B5D931}.Debug|Any CPU.Build.0 = Debug|Any CPU
		{4DEFEEE7-E3EE-4C78-99AE-FC5EE0B5D931}.Release|Any CPU.ActiveCfg = Release|Any CPU
		{4DEFEEE7-E3EE-4C78-99AE-FC5EE0B5D931}.Release|Any CPU.Build.0 = Release|Any CPU
		{AE8FA861-8BBA-44FE-9E6C-C548498EEE0B}.Debug|Any CPU.ActiveCfg = Debug|Any CPU
		{AE8FA861-8BBA-44FE-9E6C-C548498EEE0B}.Debug|Any CPU.Build.0 = Debug|Any CPU
		{AE8FA861-8BBA-44FE-9E6C-C548498EEE0B}.Release|Any CPU.ActiveCfg = Release|Any CPU
		{AE8FA861-8BBA-44FE-9E6C-C548498EEE0B}.Release|Any CPU.Build.0 = Release|Any CPU
	EndGlobalSection
	GlobalSection(SolutionProperties) = preSolution
		HideSolutionNode = FALSE
	EndGlobalSection
EndGlobal
